// !$*UTF8*$!
{
	archiveVersion = 1;
	classes = {
	};
	objectVersion = 50;
	objects = {

/* Begin PBXBuildFile section */
		46CFB80E354C0A61CFB27879 /* Pods_FenceItApp_FIT5140Tests.framework in Frameworks */ = {isa = PBXBuildFile; fileRef = 955DD2B1C1A20AE283F386AC /* Pods_FenceItApp_FIT5140Tests.framework */; };
		5BC7DC9EABE3DBA8545C5758 /* Pods_FenceItApp_FIT5140.framework in Frameworks */ = {isa = PBXBuildFile; fileRef = 30B7DA9AD34B09E5767CDE9F /* Pods_FenceItApp_FIT5140.framework */; };
		C70C3673218BA00000F6FCDC /* SettingsTableController.swift in Sources */ = {isa = PBXBuildFile; fileRef = C70C3672218BA00000F6FCDC /* SettingsTableController.swift */; };
		C70C3675218BB54500F6FCDC /* AlertTableViewController.swift in Sources */ = {isa = PBXBuildFile; fileRef = C70C3674218BB54500F6FCDC /* AlertTableViewController.swift */; };
		C70C367A218BD3C000F6FCDC /* SwitchTableViewCell.swift in Sources */ = {isa = PBXBuildFile; fileRef = C70C3678218BD3C000F6FCDC /* SwitchTableViewCell.swift */; };
		C70C367B218BD3C100F6FCDC /* SwitchTableViewCell.xib in Resources */ = {isa = PBXBuildFile; fileRef = C70C3679218BD3C000F6FCDC /* SwitchTableViewCell.xib */; };
		C71B100D218AEB1100608AC8 /* AuthViewController.swift in Sources */ = {isa = PBXBuildFile; fileRef = C71B100C218AEB1100608AC8 /* AuthViewController.swift */; };
		C7208F992183396C004E90E9 /* AppDelegate.swift in Sources */ = {isa = PBXBuildFile; fileRef = C7208F982183396C004E90E9 /* AppDelegate.swift */; };
		C7208F9E2183396C004E90E9 /* Main.storyboard in Resources */ = {isa = PBXBuildFile; fileRef = C7208F9C2183396C004E90E9 /* Main.storyboard */; };
		C7208FA021833975004E90E9 /* Assets.xcassets in Resources */ = {isa = PBXBuildFile; fileRef = C7208F9F21833975004E90E9 /* Assets.xcassets */; };
		C7208FA321833975004E90E9 /* LaunchScreen.storyboard in Resources */ = {isa = PBXBuildFile; fileRef = C7208FA121833975004E90E9 /* LaunchScreen.storyboard */; };
		C7208FAE21833975004E90E9 /* FenceItApp_FIT5140Tests.swift in Sources */ = {isa = PBXBuildFile; fileRef = C7208FAD21833975004E90E9 /* FenceItApp_FIT5140Tests.swift */; };
		C7208FB921833975004E90E9 /* FenceItApp_FIT5140UITests.swift in Sources */ = {isa = PBXBuildFile; fileRef = C7208FB821833975004E90E9 /* FenceItApp_FIT5140UITests.swift */; };
		C76CFD90218AFE5700C7D60B /* AlertViewController.swift in Sources */ = {isa = PBXBuildFile; fileRef = C76CFD8F218AFE5700C7D60B /* AlertViewController.swift */; };
		C76CFD92218B01CE00C7D60B /* Alert.swift in Sources */ = {isa = PBXBuildFile; fileRef = C76CFD91218B01CE00C7D60B /* Alert.swift */; };
		C76CFD94218B208100C7D60B /* DetailAlertController.swift in Sources */ = {isa = PBXBuildFile; fileRef = C76CFD93218B208100C7D60B /* DetailAlertController.swift */; };
		C7EEB477218A66380094412F /* GoogleService-Info.plist in Resources */ = {isa = PBXBuildFile; fileRef = C7EEB476218A662F0094412F /* GoogleService-Info.plist */; };
		D0D72342F9FBBC03CF7DDFB0 /* Pods_FenceItApp_FIT5140UITests.framework in Frameworks */ = {isa = PBXBuildFile; fileRef = A178CA24E22EFD6BE63A7863 /* Pods_FenceItApp_FIT5140UITests.framework */; };
/* End PBXBuildFile section */

/* Begin PBXContainerItemProxy section */
		C7208FAA21833975004E90E9 /* PBXContainerItemProxy */ = {
			isa = PBXContainerItemProxy;
			containerPortal = C7208F8D2183396C004E90E9 /* Project object */;
			proxyType = 1;
			remoteGlobalIDString = C7208F942183396C004E90E9;
			remoteInfo = FenceItApp_FIT5140;
		};
		C7208FB521833975004E90E9 /* PBXContainerItemProxy */ = {
			isa = PBXContainerItemProxy;
			containerPortal = C7208F8D2183396C004E90E9 /* Project object */;
			proxyType = 1;
			remoteGlobalIDString = C7208F942183396C004E90E9;
			remoteInfo = FenceItApp_FIT5140;
		};
/* End PBXContainerItemProxy section */

/* Begin PBXFileReference section */
		0BAC1CE99A1FEB04FF38D685 /* Pods-FenceItApp_FIT5140UITests.debug.xcconfig */ = {isa = PBXFileReference; includeInIndex = 1; lastKnownFileType = text.xcconfig; name = "Pods-FenceItApp_FIT5140UITests.debug.xcconfig"; path = "Pods/Target Support Files/Pods-FenceItApp_FIT5140UITests/Pods-FenceItApp_FIT5140UITests.debug.xcconfig"; sourceTree = "<group>"; };
		0CB338A10553B5696993A5BD /* Pods-FenceItApp_FIT5140Tests.release.xcconfig */ = {isa = PBXFileReference; includeInIndex = 1; lastKnownFileType = text.xcconfig; name = "Pods-FenceItApp_FIT5140Tests.release.xcconfig"; path = "Pods/Target Support Files/Pods-FenceItApp_FIT5140Tests/Pods-FenceItApp_FIT5140Tests.release.xcconfig"; sourceTree = "<group>"; };
		0FEA7B7BADD1E46570C59686 /* Pods-FenceItApp_FIT5140Tests.debug.xcconfig */ = {isa = PBXFileReference; includeInIndex = 1; lastKnownFileType = text.xcconfig; name = "Pods-FenceItApp_FIT5140Tests.debug.xcconfig"; path = "Pods/Target Support Files/Pods-FenceItApp_FIT5140Tests/Pods-FenceItApp_FIT5140Tests.debug.xcconfig"; sourceTree = "<group>"; };
		30B7DA9AD34B09E5767CDE9F /* Pods_FenceItApp_FIT5140.framework */ = {isa = PBXFileReference; explicitFileType = wrapper.framework; includeInIndex = 0; path = Pods_FenceItApp_FIT5140.framework; sourceTree = BUILT_PRODUCTS_DIR; };
		52F40F5C31F4032BC35D82C2 /* Pods-FenceItApp_FIT5140UITests.release.xcconfig */ = {isa = PBXFileReference; includeInIndex = 1; lastKnownFileType = text.xcconfig; name = "Pods-FenceItApp_FIT5140UITests.release.xcconfig"; path = "Pods/Target Support Files/Pods-FenceItApp_FIT5140UITests/Pods-FenceItApp_FIT5140UITests.release.xcconfig"; sourceTree = "<group>"; };
		808967F47818135E7DC09F43 /* Pods-FenceItApp_FIT5140.release.xcconfig */ = {isa = PBXFileReference; includeInIndex = 1; lastKnownFileType = text.xcconfig; name = "Pods-FenceItApp_FIT5140.release.xcconfig"; path = "Pods/Target Support Files/Pods-FenceItApp_FIT5140/Pods-FenceItApp_FIT5140.release.xcconfig"; sourceTree = "<group>"; };
		955DD2B1C1A20AE283F386AC /* Pods_FenceItApp_FIT5140Tests.framework */ = {isa = PBXFileReference; explicitFileType = wrapper.framework; includeInIndex = 0; path = Pods_FenceItApp_FIT5140Tests.framework; sourceTree = BUILT_PRODUCTS_DIR; };
		A178CA24E22EFD6BE63A7863 /* Pods_FenceItApp_FIT5140UITests.framework */ = {isa = PBXFileReference; explicitFileType = wrapper.framework; includeInIndex = 0; path = Pods_FenceItApp_FIT5140UITests.framework; sourceTree = BUILT_PRODUCTS_DIR; };
		B81948092FCB7686C6F3225F /* Pods-FenceItApp_FIT5140.debug.xcconfig */ = {isa = PBXFileReference; includeInIndex = 1; lastKnownFileType = text.xcconfig; name = "Pods-FenceItApp_FIT5140.debug.xcconfig"; path = "Pods/Target Support Files/Pods-FenceItApp_FIT5140/Pods-FenceItApp_FIT5140.debug.xcconfig"; sourceTree = "<group>"; };
		C70C3672218BA00000F6FCDC /* SettingsTableController.swift */ = {isa = PBXFileReference; lastKnownFileType = sourcecode.swift; path = SettingsTableController.swift; sourceTree = "<group>"; };
		C70C3674218BB54500F6FCDC /* AlertTableViewController.swift */ = {isa = PBXFileReference; lastKnownFileType = sourcecode.swift; path = AlertTableViewController.swift; sourceTree = "<group>"; };
		C70C3678218BD3C000F6FCDC /* SwitchTableViewCell.swift */ = {isa = PBXFileReference; lastKnownFileType = sourcecode.swift; path = SwitchTableViewCell.swift; sourceTree = "<group>"; };
		C70C3679218BD3C000F6FCDC /* SwitchTableViewCell.xib */ = {isa = PBXFileReference; lastKnownFileType = file.xib; path = SwitchTableViewCell.xib; sourceTree = "<group>"; };
		C71B100C218AEB1100608AC8 /* AuthViewController.swift */ = {isa = PBXFileReference; lastKnownFileType = sourcecode.swift; path = AuthViewController.swift; sourceTree = "<group>"; };
		C7208F952183396C004E90E9 /* FenceItApp_FIT5140.app */ = {isa = PBXFileReference; explicitFileType = wrapper.application; includeInIndex = 0; path = FenceItApp_FIT5140.app; sourceTree = BUILT_PRODUCTS_DIR; };
		C7208F982183396C004E90E9 /* AppDelegate.swift */ = {isa = PBXFileReference; lastKnownFileType = sourcecode.swift; path = AppDelegate.swift; sourceTree = "<group>"; };
		C7208F9D2183396C004E90E9 /* Base */ = {isa = PBXFileReference; lastKnownFileType = file.storyboard; name = Base; path = Base.lproj/Main.storyboard; sourceTree = "<group>"; };
		C7208F9F21833975004E90E9 /* Assets.xcassets */ = {isa = PBXFileReference; lastKnownFileType = folder.assetcatalog; path = Assets.xcassets; sourceTree = "<group>"; };
		C7208FA221833975004E90E9 /* Base */ = {isa = PBXFileReference; lastKnownFileType = file.storyboard; name = Base; path = Base.lproj/LaunchScreen.storyboard; sourceTree = "<group>"; };
		C7208FA421833975004E90E9 /* Info.plist */ = {isa = PBXFileReference; lastKnownFileType = text.plist.xml; path = Info.plist; sourceTree = "<group>"; };
		C7208FA921833975004E90E9 /* FenceItApp_FIT5140Tests.xctest */ = {isa = PBXFileReference; explicitFileType = wrapper.cfbundle; includeInIndex = 0; path = FenceItApp_FIT5140Tests.xctest; sourceTree = BUILT_PRODUCTS_DIR; };
		C7208FAD21833975004E90E9 /* FenceItApp_FIT5140Tests.swift */ = {isa = PBXFileReference; lastKnownFileType = sourcecode.swift; path = FenceItApp_FIT5140Tests.swift; sourceTree = "<group>"; };
		C7208FAF21833975004E90E9 /* Info.plist */ = {isa = PBXFileReference; lastKnownFileType = text.plist.xml; path = Info.plist; sourceTree = "<group>"; };
		C7208FB421833975004E90E9 /* FenceItApp_FIT5140UITests.xctest */ = {isa = PBXFileReference; explicitFileType = wrapper.cfbundle; includeInIndex = 0; path = FenceItApp_FIT5140UITests.xctest; sourceTree = BUILT_PRODUCTS_DIR; };
		C7208FB821833975004E90E9 /* FenceItApp_FIT5140UITests.swift */ = {isa = PBXFileReference; lastKnownFileType = sourcecode.swift; path = FenceItApp_FIT5140UITests.swift; sourceTree = "<group>"; };
		C7208FBA21833975004E90E9 /* Info.plist */ = {isa = PBXFileReference; lastKnownFileType = text.plist.xml; path = Info.plist; sourceTree = "<group>"; };
		C76CFD8F218AFE5700C7D60B /* AlertViewController.swift */ = {isa = PBXFileReference; lastKnownFileType = sourcecode.swift; path = AlertViewController.swift; sourceTree = "<group>"; };
		C76CFD91218B01CE00C7D60B /* Alert.swift */ = {isa = PBXFileReference; lastKnownFileType = sourcecode.swift; path = Alert.swift; sourceTree = "<group>"; };
		C76CFD93218B208100C7D60B /* DetailAlertController.swift */ = {isa = PBXFileReference; lastKnownFileType = sourcecode.swift; path = DetailAlertController.swift; sourceTree = "<group>"; };
		C7EEB476218A662F0094412F /* GoogleService-Info.plist */ = {isa = PBXFileReference; fileEncoding = 4; lastKnownFileType = text.plist.xml; path = "GoogleService-Info.plist"; sourceTree = "<group>"; };
/* End PBXFileReference section */

/* Begin PBXFrameworksBuildPhase section */
		C7208F922183396C004E90E9 /* Frameworks */ = {
			isa = PBXFrameworksBuildPhase;
			buildActionMask = 2147483647;
			files = (
				5BC7DC9EABE3DBA8545C5758 /* Pods_FenceItApp_FIT5140.framework in Frameworks */,
			);
			runOnlyForDeploymentPostprocessing = 0;
		};
		C7208FA621833975004E90E9 /* Frameworks */ = {
			isa = PBXFrameworksBuildPhase;
			buildActionMask = 2147483647;
			files = (
				46CFB80E354C0A61CFB27879 /* Pods_FenceItApp_FIT5140Tests.framework in Frameworks */,
			);
			runOnlyForDeploymentPostprocessing = 0;
		};
		C7208FB121833975004E90E9 /* Frameworks */ = {
			isa = PBXFrameworksBuildPhase;
			buildActionMask = 2147483647;
			files = (
				D0D72342F9FBBC03CF7DDFB0 /* Pods_FenceItApp_FIT5140UITests.framework in Frameworks */,
			);
			runOnlyForDeploymentPostprocessing = 0;
		};
/* End PBXFrameworksBuildPhase section */

/* Begin PBXGroup section */
		45566E9943DCCCF2378EB664 /* Frameworks */ = {
			isa = PBXGroup;
			children = (
				30B7DA9AD34B09E5767CDE9F /* Pods_FenceItApp_FIT5140.framework */,
				955DD2B1C1A20AE283F386AC /* Pods_FenceItApp_FIT5140Tests.framework */,
				A178CA24E22EFD6BE63A7863 /* Pods_FenceItApp_FIT5140UITests.framework */,
			);
			name = Frameworks;
			sourceTree = "<group>";
		};
		C7208F8C2183396C004E90E9 = {
			isa = PBXGroup;
			children = (
				C7208F972183396C004E90E9 /* FenceItApp_FIT5140 */,
				C7208FAC21833975004E90E9 /* FenceItApp_FIT5140Tests */,
				C7208FB721833975004E90E9 /* FenceItApp_FIT5140UITests */,
				C7208F962183396C004E90E9 /* Products */,
				D825389260E01EBC8018DC19 /* Pods */,
				45566E9943DCCCF2378EB664 /* Frameworks */,
			);
			sourceTree = "<group>";
		};
		C7208F962183396C004E90E9 /* Products */ = {
			isa = PBXGroup;
			children = (
				C7208F952183396C004E90E9 /* FenceItApp_FIT5140.app */,
				C7208FA921833975004E90E9 /* FenceItApp_FIT5140Tests.xctest */,
				C7208FB421833975004E90E9 /* FenceItApp_FIT5140UITests.xctest */,
			);
			name = Products;
			sourceTree = "<group>";
		};
		C7208F972183396C004E90E9 /* FenceItApp_FIT5140 */ = {
			isa = PBXGroup;
			children = (
				C71B100C218AEB1100608AC8 /* AuthViewController.swift */,
				C7208F982183396C004E90E9 /* AppDelegate.swift */,
				C7208F9C2183396C004E90E9 /* Main.storyboard */,
				C7208F9F21833975004E90E9 /* Assets.xcassets */,
				C7208FA121833975004E90E9 /* LaunchScreen.storyboard */,
				C7EEB476218A662F0094412F /* GoogleService-Info.plist */,
				C7208FA421833975004E90E9 /* Info.plist */,
				C76CFD8F218AFE5700C7D60B /* AlertViewController.swift */,
				C76CFD91218B01CE00C7D60B /* Alert.swift */,
				C76CFD93218B208100C7D60B /* DetailAlertController.swift */,
				C70C3672218BA00000F6FCDC /* SettingsTableController.swift */,
				C70C3674218BB54500F6FCDC /* AlertTableViewController.swift */,
				C70C3678218BD3C000F6FCDC /* SwitchTableViewCell.swift */,
				C70C3679218BD3C000F6FCDC /* SwitchTableViewCell.xib */,
			);
			path = FenceItApp_FIT5140;
			sourceTree = "<group>";
		};
		C7208FAC21833975004E90E9 /* FenceItApp_FIT5140Tests */ = {
			isa = PBXGroup;
			children = (
				C7208FAD21833975004E90E9 /* FenceItApp_FIT5140Tests.swift */,
				C7208FAF21833975004E90E9 /* Info.plist */,
			);
			path = FenceItApp_FIT5140Tests;
			sourceTree = "<group>";
		};
		C7208FB721833975004E90E9 /* FenceItApp_FIT5140UITests */ = {
			isa = PBXGroup;
			children = (
				C7208FB821833975004E90E9 /* FenceItApp_FIT5140UITests.swift */,
				C7208FBA21833975004E90E9 /* Info.plist */,
			);
			path = FenceItApp_FIT5140UITests;
			sourceTree = "<group>";
		};
		D825389260E01EBC8018DC19 /* Pods */ = {
			isa = PBXGroup;
			children = (
				B81948092FCB7686C6F3225F /* Pods-FenceItApp_FIT5140.debug.xcconfig */,
				808967F47818135E7DC09F43 /* Pods-FenceItApp_FIT5140.release.xcconfig */,
				0FEA7B7BADD1E46570C59686 /* Pods-FenceItApp_FIT5140Tests.debug.xcconfig */,
				0CB338A10553B5696993A5BD /* Pods-FenceItApp_FIT5140Tests.release.xcconfig */,
				0BAC1CE99A1FEB04FF38D685 /* Pods-FenceItApp_FIT5140UITests.debug.xcconfig */,
				52F40F5C31F4032BC35D82C2 /* Pods-FenceItApp_FIT5140UITests.release.xcconfig */,
			);
			name = Pods;
			sourceTree = "<group>";
		};
/* End PBXGroup section */

/* Begin PBXNativeTarget section */
		C7208F942183396C004E90E9 /* FenceItApp_FIT5140 */ = {
			isa = PBXNativeTarget;
			buildConfigurationList = C7208FBD21833975004E90E9 /* Build configuration list for PBXNativeTarget "FenceItApp_FIT5140" */;
			buildPhases = (
				A22B8DC9643AA409301A4038 /* [CP] Check Pods Manifest.lock */,
				C7208F912183396C004E90E9 /* Sources */,
				C7208F922183396C004E90E9 /* Frameworks */,
				C7208F932183396C004E90E9 /* Resources */,
				71D41FE4EAB5D8320BEDB0D2 /* [CP] Embed Pods Frameworks */,
			);
			buildRules = (
			);
			dependencies = (
			);
			name = FenceItApp_FIT5140;
			productName = FenceItApp_FIT5140;
			productReference = C7208F952183396C004E90E9 /* FenceItApp_FIT5140.app */;
			productType = "com.apple.product-type.application";
		};
		C7208FA821833975004E90E9 /* FenceItApp_FIT5140Tests */ = {
			isa = PBXNativeTarget;
			buildConfigurationList = C7208FC021833975004E90E9 /* Build configuration list for PBXNativeTarget "FenceItApp_FIT5140Tests" */;
			buildPhases = (
				D5727026DE954A0AD0667E2F /* [CP] Check Pods Manifest.lock */,
				C7208FA521833975004E90E9 /* Sources */,
				C7208FA621833975004E90E9 /* Frameworks */,
				C7208FA721833975004E90E9 /* Resources */,
			);
			buildRules = (
			);
			dependencies = (
				C7208FAB21833975004E90E9 /* PBXTargetDependency */,
			);
			name = FenceItApp_FIT5140Tests;
			productName = FenceItApp_FIT5140Tests;
			productReference = C7208FA921833975004E90E9 /* FenceItApp_FIT5140Tests.xctest */;
			productType = "com.apple.product-type.bundle.unit-test";
		};
		C7208FB321833975004E90E9 /* FenceItApp_FIT5140UITests */ = {
			isa = PBXNativeTarget;
			buildConfigurationList = C7208FC321833975004E90E9 /* Build configuration list for PBXNativeTarget "FenceItApp_FIT5140UITests" */;
			buildPhases = (
				A4A4F027087745CE224B1D43 /* [CP] Check Pods Manifest.lock */,
				C7208FB021833975004E90E9 /* Sources */,
				C7208FB121833975004E90E9 /* Frameworks */,
				C7208FB221833975004E90E9 /* Resources */,
			);
			buildRules = (
			);
			dependencies = (
				C7208FB621833975004E90E9 /* PBXTargetDependency */,
			);
			name = FenceItApp_FIT5140UITests;
			productName = FenceItApp_FIT5140UITests;
			productReference = C7208FB421833975004E90E9 /* FenceItApp_FIT5140UITests.xctest */;
			productType = "com.apple.product-type.bundle.ui-testing";
		};
/* End PBXNativeTarget section */

/* Begin PBXProject section */
		C7208F8D2183396C004E90E9 /* Project object */ = {
			isa = PBXProject;
			attributes = {
				LastSwiftUpdateCheck = 1000;
				LastUpgradeCheck = 1000;
				ORGANIZATIONNAME = "Alfredo Zamudio";
				TargetAttributes = {
					C7208F942183396C004E90E9 = {
						CreatedOnToolsVersion = 10.0;
					};
					C7208FA821833975004E90E9 = {
						CreatedOnToolsVersion = 10.0;
						TestTargetID = C7208F942183396C004E90E9;
					};
					C7208FB321833975004E90E9 = {
						CreatedOnToolsVersion = 10.0;
						TestTargetID = C7208F942183396C004E90E9;
					};
				};
			};
			buildConfigurationList = C7208F902183396C004E90E9 /* Build configuration list for PBXProject "FenceItApp_FIT5140" */;
			compatibilityVersion = "Xcode 9.3";
			developmentRegion = en;
			hasScannedForEncodings = 0;
			knownRegions = (
				en,
				Base,
			);
			mainGroup = C7208F8C2183396C004E90E9;
			productRefGroup = C7208F962183396C004E90E9 /* Products */;
			projectDirPath = "";
			projectRoot = "";
			targets = (
				C7208F942183396C004E90E9 /* FenceItApp_FIT5140 */,
				C7208FA821833975004E90E9 /* FenceItApp_FIT5140Tests */,
				C7208FB321833975004E90E9 /* FenceItApp_FIT5140UITests */,
			);
		};
/* End PBXProject section */

/* Begin PBXResourcesBuildPhase section */
		C7208F932183396C004E90E9 /* Resources */ = {
			isa = PBXResourcesBuildPhase;
			buildActionMask = 2147483647;
			files = (
				C7208FA321833975004E90E9 /* LaunchScreen.storyboard in Resources */,
				C70C367B218BD3C100F6FCDC /* SwitchTableViewCell.xib in Resources */,
				C7208FA021833975004E90E9 /* Assets.xcassets in Resources */,
				C7208F9E2183396C004E90E9 /* Main.storyboard in Resources */,
				C7EEB477218A66380094412F /* GoogleService-Info.plist in Resources */,
			);
			runOnlyForDeploymentPostprocessing = 0;
		};
		C7208FA721833975004E90E9 /* Resources */ = {
			isa = PBXResourcesBuildPhase;
			buildActionMask = 2147483647;
			files = (
			);
			runOnlyForDeploymentPostprocessing = 0;
		};
		C7208FB221833975004E90E9 /* Resources */ = {
			isa = PBXResourcesBuildPhase;
			buildActionMask = 2147483647;
			files = (
			);
			runOnlyForDeploymentPostprocessing = 0;
		};
/* End PBXResourcesBuildPhase section */

/* Begin PBXShellScriptBuildPhase section */
		71D41FE4EAB5D8320BEDB0D2 /* [CP] Embed Pods Frameworks */ = {
			isa = PBXShellScriptBuildPhase;
			buildActionMask = 2147483647;
			files = (
			);
			inputFileListPaths = (
			);
			inputPaths = (
				"${SRCROOT}/Pods/Target Support Files/Pods-FenceItApp_FIT5140/Pods-FenceItApp_FIT5140-frameworks.sh",
				"${BUILT_PRODUCTS_DIR}/GTMSessionFetcher/GTMSessionFetcher.framework",
				"${BUILT_PRODUCTS_DIR}/GoogleUtilities/GoogleUtilities.framework",
				"${BUILT_PRODUCTS_DIR}/leveldb-library/leveldb.framework",
				"${BUILT_PRODUCTS_DIR}/nanopb/nanopb.framework",
			);
			name = "[CP] Embed Pods Frameworks";
			outputFileListPaths = (
			);
			outputPaths = (
				"${TARGET_BUILD_DIR}/${FRAMEWORKS_FOLDER_PATH}/GTMSessionFetcher.framework",
				"${TARGET_BUILD_DIR}/${FRAMEWORKS_FOLDER_PATH}/GoogleUtilities.framework",
				"${TARGET_BUILD_DIR}/${FRAMEWORKS_FOLDER_PATH}/leveldb.framework",
				"${TARGET_BUILD_DIR}/${FRAMEWORKS_FOLDER_PATH}/nanopb.framework",
			);
			runOnlyForDeploymentPostprocessing = 0;
			shellPath = /bin/sh;
			shellScript = "\"${SRCROOT}/Pods/Target Support Files/Pods-FenceItApp_FIT5140/Pods-FenceItApp_FIT5140-frameworks.sh\"\n";
			showEnvVarsInLog = 0;
		};
		A22B8DC9643AA409301A4038 /* [CP] Check Pods Manifest.lock */ = {
			isa = PBXShellScriptBuildPhase;
			buildActionMask = 2147483647;
			files = (
			);
			inputFileListPaths = (
			);
			inputPaths = (
				"${PODS_PODFILE_DIR_PATH}/Podfile.lock",
				"${PODS_ROOT}/Manifest.lock",
			);
			name = "[CP] Check Pods Manifest.lock";
			outputFileListPaths = (
			);
			outputPaths = (
				"$(DERIVED_FILE_DIR)/Pods-FenceItApp_FIT5140-checkManifestLockResult.txt",
			);
			runOnlyForDeploymentPostprocessing = 0;
			shellPath = /bin/sh;
			shellScript = "diff \"${PODS_PODFILE_DIR_PATH}/Podfile.lock\" \"${PODS_ROOT}/Manifest.lock\" > /dev/null\nif [ $? != 0 ] ; then\n    # print error to STDERR\n    echo \"error: The sandbox is not in sync with the Podfile.lock. Run 'pod install' or update your CocoaPods installation.\" >&2\n    exit 1\nfi\n# This output is used by Xcode 'outputs' to avoid re-running this script phase.\necho \"SUCCESS\" > \"${SCRIPT_OUTPUT_FILE_0}\"\n";
			showEnvVarsInLog = 0;
		};
		A4A4F027087745CE224B1D43 /* [CP] Check Pods Manifest.lock */ = {
			isa = PBXShellScriptBuildPhase;
			buildActionMask = 2147483647;
			files = (
			);
			inputFileListPaths = (
			);
			inputPaths = (
				"${PODS_PODFILE_DIR_PATH}/Podfile.lock",
				"${PODS_ROOT}/Manifest.lock",
			);
			name = "[CP] Check Pods Manifest.lock";
			outputFileListPaths = (
			);
			outputPaths = (
				"$(DERIVED_FILE_DIR)/Pods-FenceItApp_FIT5140UITests-checkManifestLockResult.txt",
			);
			runOnlyForDeploymentPostprocessing = 0;
			shellPath = /bin/sh;
			shellScript = "diff \"${PODS_PODFILE_DIR_PATH}/Podfile.lock\" \"${PODS_ROOT}/Manifest.lock\" > /dev/null\nif [ $? != 0 ] ; then\n    # print error to STDERR\n    echo \"error: The sandbox is not in sync with the Podfile.lock. Run 'pod install' or update your CocoaPods installation.\" >&2\n    exit 1\nfi\n# This output is used by Xcode 'outputs' to avoid re-running this script phase.\necho \"SUCCESS\" > \"${SCRIPT_OUTPUT_FILE_0}\"\n";
			showEnvVarsInLog = 0;
		};
		D5727026DE954A0AD0667E2F /* [CP] Check Pods Manifest.lock */ = {
			isa = PBXShellScriptBuildPhase;
			buildActionMask = 2147483647;
			files = (
			);
			inputFileListPaths = (
			);
			inputPaths = (
				"${PODS_PODFILE_DIR_PATH}/Podfile.lock",
				"${PODS_ROOT}/Manifest.lock",
			);
			name = "[CP] Check Pods Manifest.lock";
			outputFileListPaths = (
			);
			outputPaths = (
				"$(DERIVED_FILE_DIR)/Pods-FenceItApp_FIT5140Tests-checkManifestLockResult.txt",
			);
			runOnlyForDeploymentPostprocessing = 0;
			shellPath = /bin/sh;
			shellScript = "diff \"${PODS_PODFILE_DIR_PATH}/Podfile.lock\" \"${PODS_ROOT}/Manifest.lock\" > /dev/null\nif [ $? != 0 ] ; then\n    # print error to STDERR\n    echo \"error: The sandbox is not in sync with the Podfile.lock. Run 'pod install' or update your CocoaPods installation.\" >&2\n    exit 1\nfi\n# This output is used by Xcode 'outputs' to avoid re-running this script phase.\necho \"SUCCESS\" > \"${SCRIPT_OUTPUT_FILE_0}\"\n";
			showEnvVarsInLog = 0;
		};
/* End PBXShellScriptBuildPhase section */

/* Begin PBXSourcesBuildPhase section */
		C7208F912183396C004E90E9 /* Sources */ = {
			isa = PBXSourcesBuildPhase;
			buildActionMask = 2147483647;
			files = (
				C76CFD94218B208100C7D60B /* DetailAlertController.swift in Sources */,
				C70C367A218BD3C000F6FCDC /* SwitchTableViewCell.swift in Sources */,
				C70C3673218BA00000F6FCDC /* SettingsTableController.swift in Sources */,
				C71B100D218AEB1100608AC8 /* AuthViewController.swift in Sources */,
				C70C3675218BB54500F6FCDC /* AlertTableViewController.swift in Sources */,
				C76CFD90218AFE5700C7D60B /* AlertViewController.swift in Sources */,
				C76CFD92218B01CE00C7D60B /* Alert.swift in Sources */,
				C7208F992183396C004E90E9 /* AppDelegate.swift in Sources */,
			);
			runOnlyForDeploymentPostprocessing = 0;
		};
		C7208FA521833975004E90E9 /* Sources */ = {
			isa = PBXSourcesBuildPhase;
			buildActionMask = 2147483647;
			files = (
				C7208FAE21833975004E90E9 /* FenceItApp_FIT5140Tests.swift in Sources */,
			);
			runOnlyForDeploymentPostprocessing = 0;
		};
		C7208FB021833975004E90E9 /* Sources */ = {
			isa = PBXSourcesBuildPhase;
			buildActionMask = 2147483647;
			files = (
				C7208FB921833975004E90E9 /* FenceItApp_FIT5140UITests.swift in Sources */,
			);
			runOnlyForDeploymentPostprocessing = 0;
		};
/* End PBXSourcesBuildPhase section */

/* Begin PBXTargetDependency section */
		C7208FAB21833975004E90E9 /* PBXTargetDependency */ = {
			isa = PBXTargetDependency;
			target = C7208F942183396C004E90E9 /* FenceItApp_FIT5140 */;
			targetProxy = C7208FAA21833975004E90E9 /* PBXContainerItemProxy */;
		};
		C7208FB621833975004E90E9 /* PBXTargetDependency */ = {
			isa = PBXTargetDependency;
			target = C7208F942183396C004E90E9 /* FenceItApp_FIT5140 */;
			targetProxy = C7208FB521833975004E90E9 /* PBXContainerItemProxy */;
		};
/* End PBXTargetDependency section */

/* Begin PBXVariantGroup section */
		C7208F9C2183396C004E90E9 /* Main.storyboard */ = {
			isa = PBXVariantGroup;
			children = (
				C7208F9D2183396C004E90E9 /* Base */,
			);
			name = Main.storyboard;
			sourceTree = "<group>";
		};
		C7208FA121833975004E90E9 /* LaunchScreen.storyboard */ = {
			isa = PBXVariantGroup;
			children = (
				C7208FA221833975004E90E9 /* Base */,
			);
			name = LaunchScreen.storyboard;
			sourceTree = "<group>";
		};
/* End PBXVariantGroup section */

/* Begin XCBuildConfiguration section */
		C7208FBB21833975004E90E9 /* Debug */ = {
			isa = XCBuildConfiguration;
			buildSettings = {
				ALWAYS_SEARCH_USER_PATHS = NO;
				CLANG_ANALYZER_NONNULL = YES;
				CLANG_ANALYZER_NUMBER_OBJECT_CONVERSION = YES_AGGRESSIVE;
				CLANG_CXX_LANGUAGE_STANDARD = "gnu++14";
				CLANG_CXX_LIBRARY = "libc++";
				CLANG_ENABLE_MODULES = YES;
				CLANG_ENABLE_OBJC_ARC = YES;
				CLANG_ENABLE_OBJC_WEAK = YES;
				CLANG_WARN_BLOCK_CAPTURE_AUTORELEASING = YES;
				CLANG_WARN_BOOL_CONVERSION = YES;
				CLANG_WARN_COMMA = YES;
				CLANG_WARN_CONSTANT_CONVERSION = YES;
				CLANG_WARN_DEPRECATED_OBJC_IMPLEMENTATIONS = YES;
				CLANG_WARN_DIRECT_OBJC_ISA_USAGE = YES_ERROR;
				CLANG_WARN_DOCUMENTATION_COMMENTS = YES;
				CLANG_WARN_EMPTY_BODY = YES;
				CLANG_WARN_ENUM_CONVERSION = YES;
				CLANG_WARN_INFINITE_RECURSION = YES;
				CLANG_WARN_INT_CONVERSION = YES;
				CLANG_WARN_NON_LITERAL_NULL_CONVERSION = YES;
				CLANG_WARN_OBJC_IMPLICIT_RETAIN_SELF = YES;
				CLANG_WARN_OBJC_LITERAL_CONVERSION = YES;
				CLANG_WARN_OBJC_ROOT_CLASS = YES_ERROR;
				CLANG_WARN_RANGE_LOOP_ANALYSIS = YES;
				CLANG_WARN_STRICT_PROTOTYPES = YES;
				CLANG_WARN_SUSPICIOUS_MOVE = YES;
				CLANG_WARN_UNGUARDED_AVAILABILITY = YES_AGGRESSIVE;
				CLANG_WARN_UNREACHABLE_CODE = YES;
				CLANG_WARN__DUPLICATE_METHOD_MATCH = YES;
				CODE_SIGN_IDENTITY = "iPhone Developer";
				COPY_PHASE_STRIP = NO;
				DEBUG_INFORMATION_FORMAT = dwarf;
				ENABLE_STRICT_OBJC_MSGSEND = YES;
				ENABLE_TESTABILITY = YES;
				GCC_C_LANGUAGE_STANDARD = gnu11;
				GCC_DYNAMIC_NO_PIC = NO;
				GCC_NO_COMMON_BLOCKS = YES;
				GCC_OPTIMIZATION_LEVEL = 0;
				GCC_PREPROCESSOR_DEFINITIONS = (
					"DEBUG=1",
					"$(inherited)",
				);
				GCC_WARN_64_TO_32_BIT_CONVERSION = YES;
				GCC_WARN_ABOUT_RETURN_TYPE = YES_ERROR;
				GCC_WARN_UNDECLARED_SELECTOR = YES;
				GCC_WARN_UNINITIALIZED_AUTOS = YES_AGGRESSIVE;
				GCC_WARN_UNUSED_FUNCTION = YES;
				GCC_WARN_UNUSED_VARIABLE = YES;
				IPHONEOS_DEPLOYMENT_TARGET = 12.0;
				MTL_ENABLE_DEBUG_INFO = INCLUDE_SOURCE;
				MTL_FAST_MATH = YES;
				ONLY_ACTIVE_ARCH = YES;
				SDKROOT = iphoneos;
				SWIFT_ACTIVE_COMPILATION_CONDITIONS = DEBUG;
				SWIFT_OPTIMIZATION_LEVEL = "-Onone";
			};
			name = Debug;
		};
		C7208FBC21833975004E90E9 /* Release */ = {
			isa = XCBuildConfiguration;
			buildSettings = {
				ALWAYS_SEARCH_USER_PATHS = NO;
				CLANG_ANALYZER_NONNULL = YES;
				CLANG_ANALYZER_NUMBER_OBJECT_CONVERSION = YES_AGGRESSIVE;
				CLANG_CXX_LANGUAGE_STANDARD = "gnu++14";
				CLANG_CXX_LIBRARY = "libc++";
				CLANG_ENABLE_MODULES = YES;
				CLANG_ENABLE_OBJC_ARC = YES;
				CLANG_ENABLE_OBJC_WEAK = YES;
				CLANG_WARN_BLOCK_CAPTURE_AUTORELEASING = YES;
				CLANG_WARN_BOOL_CONVERSION = YES;
				CLANG_WARN_COMMA = YES;
				CLANG_WARN_CONSTANT_CONVERSION = YES;
				CLANG_WARN_DEPRECATED_OBJC_IMPLEMENTATIONS = YES;
				CLANG_WARN_DIRECT_OBJC_ISA_USAGE = YES_ERROR;
				CLANG_WARN_DOCUMENTATION_COMMENTS = YES;
				CLANG_WARN_EMPTY_BODY = YES;
				CLANG_WARN_ENUM_CONVERSION = YES;
				CLANG_WARN_INFINITE_RECURSION = YES;
				CLANG_WARN_INT_CONVERSION = YES;
				CLANG_WARN_NON_LITERAL_NULL_CONVERSION = YES;
				CLANG_WARN_OBJC_IMPLICIT_RETAIN_SELF = YES;
				CLANG_WARN_OBJC_LITERAL_CONVERSION = YES;
				CLANG_WARN_OBJC_ROOT_CLASS = YES_ERROR;
				CLANG_WARN_RANGE_LOOP_ANALYSIS = YES;
				CLANG_WARN_STRICT_PROTOTYPES = YES;
				CLANG_WARN_SUSPICIOUS_MOVE = YES;
				CLANG_WARN_UNGUARDED_AVAILABILITY = YES_AGGRESSIVE;
				CLANG_WARN_UNREACHABLE_CODE = YES;
				CLANG_WARN__DUPLICATE_METHOD_MATCH = YES;
				CODE_SIGN_IDENTITY = "iPhone Developer";
				COPY_PHASE_STRIP = NO;
				DEBUG_INFORMATION_FORMAT = "dwarf-with-dsym";
				ENABLE_NS_ASSERTIONS = NO;
				ENABLE_STRICT_OBJC_MSGSEND = YES;
				GCC_C_LANGUAGE_STANDARD = gnu11;
				GCC_NO_COMMON_BLOCKS = YES;
				GCC_WARN_64_TO_32_BIT_CONVERSION = YES;
				GCC_WARN_ABOUT_RETURN_TYPE = YES_ERROR;
				GCC_WARN_UNDECLARED_SELECTOR = YES;
				GCC_WARN_UNINITIALIZED_AUTOS = YES_AGGRESSIVE;
				GCC_WARN_UNUSED_FUNCTION = YES;
				GCC_WARN_UNUSED_VARIABLE = YES;
				IPHONEOS_DEPLOYMENT_TARGET = 12.0;
				MTL_ENABLE_DEBUG_INFO = NO;
				MTL_FAST_MATH = YES;
				SDKROOT = iphoneos;
				SWIFT_COMPILATION_MODE = wholemodule;
				SWIFT_OPTIMIZATION_LEVEL = "-O";
				VALIDATE_PRODUCT = YES;
			};
			name = Release;
		};
		C7208FBE21833975004E90E9 /* Debug */ = {
			isa = XCBuildConfiguration;
			baseConfigurationReference = B81948092FCB7686C6F3225F /* Pods-FenceItApp_FIT5140.debug.xcconfig */;
			buildSettings = {
				ASSETCATALOG_COMPILER_APPICON_NAME = AppIcon;
				CODE_SIGN_STYLE = Automatic;
				DEVELOPMENT_TEAM = GL38CYJQKT;
				INFOPLIST_FILE = FenceItApp_FIT5140/Info.plist;
				IPHONEOS_DEPLOYMENT_TARGET = 11.4;
				LD_RUNPATH_SEARCH_PATHS = (
					"$(inherited)",
					"@executable_path/Frameworks",
				);
				PRODUCT_BUNDLE_IDENTIFIER = "Monash.FenceItApp-FIT5140";
				PRODUCT_NAME = "$(TARGET_NAME)";
				SWIFT_VERSION = 4.2;
				TARGETED_DEVICE_FAMILY = 1;
			};
			name = Debug;
		};
		C7208FBF21833975004E90E9 /* Release */ = {
			isa = XCBuildConfiguration;
			baseConfigurationReference = 808967F47818135E7DC09F43 /* Pods-FenceItApp_FIT5140.release.xcconfig */;
			buildSettings = {
				ASSETCATALOG_COMPILER_APPICON_NAME = AppIcon;
				CODE_SIGN_STYLE = Automatic;
				DEVELOPMENT_TEAM = GL38CYJQKT;
				INFOPLIST_FILE = FenceItApp_FIT5140/Info.plist;
				IPHONEOS_DEPLOYMENT_TARGET = 11.4;
				LD_RUNPATH_SEARCH_PATHS = (
					"$(inherited)",
					"@executable_path/Frameworks",
				);
				PRODUCT_BUNDLE_IDENTIFIER = "Monash.FenceItApp-FIT5140";
				PRODUCT_NAME = "$(TARGET_NAME)";
				SWIFT_VERSION = 4.2;
				TARGETED_DEVICE_FAMILY = 1;
			};
			name = Release;
		};
		C7208FC121833975004E90E9 /* Debug */ = {
			isa = XCBuildConfiguration;
			baseConfigurationReference = 0FEA7B7BADD1E46570C59686 /* Pods-FenceItApp_FIT5140Tests.debug.xcconfig */;
			buildSettings = {
				ALWAYS_EMBED_SWIFT_STANDARD_LIBRARIES = YES;
				BUNDLE_LOADER = "$(TEST_HOST)";
				CODE_SIGN_STYLE = Automatic;
				DEVELOPMENT_TEAM = GL38CYJQKT;
				INFOPLIST_FILE = FenceItApp_FIT5140Tests/Info.plist;
				LD_RUNPATH_SEARCH_PATHS = (
					"$(inherited)",
					"@executable_path/Frameworks",
					"@loader_path/Frameworks",
				);
				PRODUCT_BUNDLE_IDENTIFIER = "Monash.FenceItApp-FIT5140Tests";
				PRODUCT_NAME = "$(TARGET_NAME)";
				SWIFT_VERSION = 4.2;
				TARGETED_DEVICE_FAMILY = "1,2";
				TEST_HOST = "$(BUILT_PRODUCTS_DIR)/FenceItApp_FIT5140.app/FenceItApp_FIT5140";
			};
			name = Debug;
		};
		C7208FC221833975004E90E9 /* Release */ = {
			isa = XCBuildConfiguration;
			baseConfigurationReference = 0CB338A10553B5696993A5BD /* Pods-FenceItApp_FIT5140Tests.release.xcconfig */;
			buildSettings = {
				ALWAYS_EMBED_SWIFT_STANDARD_LIBRARIES = YES;
				BUNDLE_LOADER = "$(TEST_HOST)";
				CODE_SIGN_STYLE = Automatic;
				DEVELOPMENT_TEAM = GL38CYJQKT;
				INFOPLIST_FILE = FenceItApp_FIT5140Tests/Info.plist;
				LD_RUNPATH_SEARCH_PATHS = (
					"$(inherited)",
					"@executable_path/Frameworks",
					"@loader_path/Frameworks",
				);
				PRODUCT_BUNDLE_IDENTIFIER = "Monash.FenceItApp-FIT5140Tests";
				PRODUCT_NAME = "$(TARGET_NAME)";
				SWIFT_VERSION = 4.2;
				TARGETED_DEVICE_FAMILY = "1,2";
				TEST_HOST = "$(BUILT_PRODUCTS_DIR)/FenceItApp_FIT5140.app/FenceItApp_FIT5140";
			};
			name = Release;
		};
		C7208FC421833975004E90E9 /* Debug */ = {
			isa = XCBuildConfiguration;
			baseConfigurationReference = 0BAC1CE99A1FEB04FF38D685 /* Pods-FenceItApp_FIT5140UITests.debug.xcconfig */;
			buildSettings = {
				ALWAYS_EMBED_SWIFT_STANDARD_LIBRARIES = YES;
				CODE_SIGN_STYLE = Automatic;
				DEVELOPMENT_TEAM = GL38CYJQKT;
				INFOPLIST_FILE = FenceItApp_FIT5140UITests/Info.plist;
				LD_RUNPATH_SEARCH_PATHS = (
					"$(inherited)",
					"@executable_path/Frameworks",
					"@loader_path/Frameworks",
				);
				PRODUCT_BUNDLE_IDENTIFIER = "Monash.FenceItApp-FIT5140UITests";
				PRODUCT_NAME = "$(TARGET_NAME)";
				SWIFT_VERSION = 4.2;
				TARGETED_DEVICE_FAMILY = "1,2";
				TEST_TARGET_NAME = FenceItApp_FIT5140;
			};
			name = Debug;
		};
		C7208FC521833975004E90E9 /* Release */ = {
			isa = XCBuildConfiguration;
			baseConfigurationReference = 52F40F5C31F4032BC35D82C2 /* Pods-FenceItApp_FIT5140UITests.release.xcconfig */;
			buildSettings = {
				ALWAYS_EMBED_SWIFT_STANDARD_LIBRARIES = YES;
				CODE_SIGN_STYLE = Automatic;
				DEVELOPMENT_TEAM = GL38CYJQKT;
				INFOPLIST_FILE = FenceItApp_FIT5140UITests/Info.plist;
				LD_RUNPATH_SEARCH_PATHS = (
					"$(inherited)",
					"@executable_path/Frameworks",
					"@loader_path/Frameworks",
				);
				PRODUCT_BUNDLE_IDENTIFIER = "Monash.FenceItApp-FIT5140UITests";
				PRODUCT_NAME = "$(TARGET_NAME)";
				SWIFT_VERSION = 4.2;
				TARGETED_DEVICE_FAMILY = "1,2";
				TEST_TARGET_NAME = FenceItApp_FIT5140;
			};
			name = Release;
		};
/* End XCBuildConfiguration section */

/* Begin XCConfigurationList section */
		C7208F902183396C004E90E9 /* Build configuration list for PBXProject "FenceItApp_FIT5140" */ = {
			isa = XCConfigurationList;
			buildConfigurations = (
				C7208FBB21833975004E90E9 /* Debug */,
				C7208FBC21833975004E90E9 /* Release */,
			);
			defaultConfigurationIsVisible = 0;
			defaultConfigurationName = Release;
		};
		C7208FBD21833975004E90E9 /* Build configuration list for PBXNativeTarget "FenceItApp_FIT5140" */ = {
			isa = XCConfigurationList;
			buildConfigurations = (
				C7208FBE21833975004E90E9 /* Debug */,
				C7208FBF21833975004E90E9 /* Release */,
			);
			defaultConfigurationIsVisible = 0;
			defaultConfigurationName = Release;
		};
		C7208FC021833975004E90E9 /* Build configuration list for PBXNativeTarget "FenceItApp_FIT5140Tests" */ = {
			isa = XCConfigurationList;
			buildConfigurations = (
				C7208FC121833975004E90E9 /* Debug */,
				C7208FC221833975004E90E9 /* Release */,
			);
			defaultConfigurationIsVisible = 0;
			defaultConfigurationName = Release;
		};
		C7208FC321833975004E90E9 /* Build configuration list for PBXNativeTarget "FenceItApp_FIT5140UITests" */ = {
			isa = XCConfigurationList;
			buildConfigurations = (
				C7208FC421833975004E90E9 /* Debug */,
				C7208FC521833975004E90E9 /* Release */,
			);
			defaultConfigurationIsVisible = 0;
			defaultConfigurationName = Release;
		};
/* End XCConfigurationList section */
	};
	rootObject = C7208F8D2183396C004E90E9 /* Project object */;
}
